
Microsoft Visual Studio Solution File, Format Version 12.00
# Visual Studio Version 17
VisualStudioVersion = 17.0.32112.339
MinimumVisualStudioVersion = 10.0.40219.1
Project("{FAE04EC0-301F-11D3-BF4B-00C04F79EFBC}") = "Day11project1", "Day11project1\Day11project1.csproj", "{85991947-1B60-4783-A035-3F33FDA8965A}"
EndProject
Global
	GlobalSection(SolutionConfigurationPlatforms) = preSolution
		Debug|Any CPU = Debug|Any CPU
		Release|Any CPU = Release|Any CPU
	EndGlobalSection
	GlobalSection(ProjectConfigurationPlatforms) = postSolution
		{85991947-1B60-4783-A035-3F33FDA8965A}.Debug|Any CPU.ActiveCfg = Debug|Any CPU
		{85991947-1B60-4783-A035-3F33FDA8965A}.Debug|Any CPU.Build.0 = Debug|Any CPU
		{85991947-1B60-4783-A035-3F33FDA8965A}.Release|Any CPU.ActiveCfg = Release|Any CPU
		{85991947-1B60-4783-A035-3F33FDA8965A}.Release|Any CPU.Build.0 = Release|Any CPU
	EndGlobalSection
	GlobalSection(SolutionProperties) = preSolution
		HideSolutionNode = FALSE
	EndGlobalSection
	GlobalSection(ExtensibilityGlobals) = postSolution
		SolutionGuid = {CFC27E54-2B67-400F-87AB-DF16D8F927FF}
	EndGlobalSection
EndGlobal
