
Microsoft Visual Studio Solution File, Format Version 12.00
# Visual Studio Version 17
VisualStudioVersion = 17.0.32112.339
MinimumVisualStudioVersion = 10.0.40219.1
Project("{FAE04EC0-301F-11D3-BF4B-00C04F79EFBC}") = "Day19project1", "Day19project1\Day19project1.csproj", "{0FACE522-9E0C-404E-92DA-1FBE5D2D71C1}"
EndProject
Global
	GlobalSection(SolutionConfigurationPlatforms) = preSolution
		Debug|Any CPU = Debug|Any CPU
		Release|Any CPU = Release|Any CPU
	EndGlobalSection
	GlobalSection(ProjectConfigurationPlatforms) = postSolution
		{0FACE522-9E0C-404E-92DA-1FBE5D2D71C1}.Debug|Any CPU.ActiveCfg = Debug|Any CPU
		{0FACE522-9E0C-404E-92DA-1FBE5D2D71C1}.Debug|Any CPU.Build.0 = Debug|Any CPU
		{0FACE522-9E0C-404E-92DA-1FBE5D2D71C1}.Release|Any CPU.ActiveCfg = Release|Any CPU
		{0FACE522-9E0C-404E-92DA-1FBE5D2D71C1}.Release|Any CPU.Build.0 = Release|Any CPU
	EndGlobalSection
	GlobalSection(SolutionProperties) = preSolution
		HideSolutionNode = FALSE
	EndGlobalSection
	GlobalSection(ExtensibilityGlobals) = postSolution
		SolutionGuid = {417AB6DF-2576-4650-A7C6-ADD3A7FCC4C3}
	EndGlobalSection
EndGlobal
