
Microsoft Visual Studio Solution File, Format Version 12.00
# Visual Studio Version 17
VisualStudioVersion = 17.0.32112.339
MinimumVisualStudioVersion = 10.0.40219.1
Project("{FAE04EC0-301F-11D3-BF4B-00C04F79EFBC}") = "Day16Project8", "Day16Project8\Day16Project8.csproj", "{2C3408FE-83BA-4946-B1BE-1F3C56901B80}"
EndProject
Project("{FAE04EC0-301F-11D3-BF4B-00C04F79EFBC}") = "praveenLibrary", "praveenLibrary\praveenLibrary.csproj", "{B224F265-FEC8-4F68-9044-6CAE720B85BB}"
EndProject
Project("{FAE04EC0-301F-11D3-BF4B-00C04F79EFBC}") = "publiclibrary", "publiclibrary\publiclibrary.csproj", "{A65FD2F7-EC43-41EB-9372-9D2FF1C59B61}"
EndProject
Project("{FAE04EC0-301F-11D3-BF4B-00C04F79EFBC}") = "naralawindows app", "naralawindows app\naralawindows app.csproj", "{A39992E6-6FFE-4B60-85CC-308F0C073182}"
EndProject
Global
	GlobalSection(SolutionConfigurationPlatforms) = preSolution
		Debug|Any CPU = Debug|Any CPU
		Release|Any CPU = Release|Any CPU
	EndGlobalSection
	GlobalSection(ProjectConfigurationPlatforms) = postSolution
		{2C3408FE-83BA-4946-B1BE-1F3C56901B80}.Debug|Any CPU.ActiveCfg = Debug|Any CPU
		{2C3408FE-83BA-4946-B1BE-1F3C56901B80}.Debug|Any CPU.Build.0 = Debug|Any CPU
		{2C3408FE-83BA-4946-B1BE-1F3C56901B80}.Release|Any CPU.ActiveCfg = Release|Any CPU
		{2C3408FE-83BA-4946-B1BE-1F3C56901B80}.Release|Any CPU.Build.0 = Release|Any CPU
		{B224F265-FEC8-4F68-9044-6CAE720B85BB}.Debug|Any CPU.ActiveCfg = Debug|Any CPU
		{B224F265-FEC8-4F68-9044-6CAE720B85BB}.Debug|Any CPU.Build.0 = Debug|Any CPU
		{B224F265-FEC8-4F68-9044-6CAE720B85BB}.Release|Any CPU.ActiveCfg = Release|Any CPU
		{B224F265-FEC8-4F68-9044-6CAE720B85BB}.Release|Any CPU.Build.0 = Release|Any CPU
		{A65FD2F7-EC43-41EB-9372-9D2FF1C59B61}.Debug|Any CPU.ActiveCfg = Debug|Any CPU
		{A65FD2F7-EC43-41EB-9372-9D2FF1C59B61}.Debug|Any CPU.Build.0 = Debug|Any CPU
		{A65FD2F7-EC43-41EB-9372-9D2FF1C59B61}.Release|Any CPU.ActiveCfg = Release|Any CPU
		{A65FD2F7-EC43-41EB-9372-9D2FF1C59B61}.Release|Any CPU.Build.0 = Release|Any CPU
		{A39992E6-6FFE-4B60-85CC-308F0C073182}.Debug|Any CPU.ActiveCfg = Debug|Any CPU
		{A39992E6-6FFE-4B60-85CC-308F0C073182}.Debug|Any CPU.Build.0 = Debug|Any CPU
		{A39992E6-6FFE-4B60-85CC-308F0C073182}.Release|Any CPU.ActiveCfg = Release|Any CPU
		{A39992E6-6FFE-4B60-85CC-308F0C073182}.Release|Any CPU.Build.0 = Release|Any CPU
	EndGlobalSection
	GlobalSection(SolutionProperties) = preSolution
		HideSolutionNode = FALSE
	EndGlobalSection
	GlobalSection(ExtensibilityGlobals) = postSolution
		SolutionGuid = {26CCFABA-9E08-4858-8342-CE146303B80D}
	EndGlobalSection
EndGlobal
