
Microsoft Visual Studio Solution File, Format Version 12.00
# Visual Studio Version 17
VisualStudioVersion = 17.0.32112.339
MinimumVisualStudioVersion = 10.0.40219.1
Project("{FAE04EC0-301F-11D3-BF4B-00C04F79EFBC}") = "Day19Project4", "Day19Project4\Day19Project4.csproj", "{FE0B734B-0485-431A-8F19-3AD8A699A536}"
EndProject
Global
	GlobalSection(SolutionConfigurationPlatforms) = preSolution
		Debug|Any CPU = Debug|Any CPU
		Release|Any CPU = Release|Any CPU
	EndGlobalSection
	GlobalSection(ProjectConfigurationPlatforms) = postSolution
		{FE0B734B-0485-431A-8F19-3AD8A699A536}.Debug|Any CPU.ActiveCfg = Debug|Any CPU
		{FE0B734B-0485-431A-8F19-3AD8A699A536}.Debug|Any CPU.Build.0 = Debug|Any CPU
		{FE0B734B-0485-431A-8F19-3AD8A699A536}.Release|Any CPU.ActiveCfg = Release|Any CPU
		{FE0B734B-0485-431A-8F19-3AD8A699A536}.Release|Any CPU.Build.0 = Release|Any CPU
	EndGlobalSection
	GlobalSection(SolutionProperties) = preSolution
		HideSolutionNode = FALSE
	EndGlobalSection
	GlobalSection(ExtensibilityGlobals) = postSolution
		SolutionGuid = {ECC2D436-02A7-4B5D-A2CB-AE6959107322}
	EndGlobalSection
EndGlobal
