
Microsoft Visual Studio Solution File, Format Version 12.00
# Visual Studio Version 17
VisualStudioVersion = 17.0.32112.339
MinimumVisualStudioVersion = 10.0.40219.1
Project("{FAE04EC0-301F-11D3-BF4B-00C04F79EFBC}") = "Day9project4", "Day9project4\Day9project4.csproj", "{DFD484D6-9074-45A3-8D5F-AFB24EA55EE3}"
EndProject
Global
	GlobalSection(SolutionConfigurationPlatforms) = preSolution
		Debug|Any CPU = Debug|Any CPU
		Release|Any CPU = Release|Any CPU
	EndGlobalSection
	GlobalSection(ProjectConfigurationPlatforms) = postSolution
		{DFD484D6-9074-45A3-8D5F-AFB24EA55EE3}.Debug|Any CPU.ActiveCfg = Debug|Any CPU
		{DFD484D6-9074-45A3-8D5F-AFB24EA55EE3}.Debug|Any CPU.Build.0 = Debug|Any CPU
		{DFD484D6-9074-45A3-8D5F-AFB24EA55EE3}.Release|Any CPU.ActiveCfg = Release|Any CPU
		{DFD484D6-9074-45A3-8D5F-AFB24EA55EE3}.Release|Any CPU.Build.0 = Release|Any CPU
	EndGlobalSection
	GlobalSection(SolutionProperties) = preSolution
		HideSolutionNode = FALSE
	EndGlobalSection
	GlobalSection(ExtensibilityGlobals) = postSolution
		SolutionGuid = {24BF545F-9CF1-43FC-84A1-262D4BE777B0}
	EndGlobalSection
EndGlobal
