
Microsoft Visual Studio Solution File, Format Version 12.00
# Visual Studio Version 17
VisualStudioVersion = 17.0.32112.339
MinimumVisualStudioVersion = 10.0.40219.1
Project("{FAE04EC0-301F-11D3-BF4B-00C04F79EFBC}") = "day7project2seller", "day7project2seller\day7project2seller.csproj", "{19C20953-D550-45A0-9583-6A38F225D00B}"
EndProject
Global
	GlobalSection(SolutionConfigurationPlatforms) = preSolution
		Debug|Any CPU = Debug|Any CPU
		Release|Any CPU = Release|Any CPU
	EndGlobalSection
	GlobalSection(ProjectConfigurationPlatforms) = postSolution
		{19C20953-D550-45A0-9583-6A38F225D00B}.Debug|Any CPU.ActiveCfg = Debug|Any CPU
		{19C20953-D550-45A0-9583-6A38F225D00B}.Debug|Any CPU.Build.0 = Debug|Any CPU
		{19C20953-D550-45A0-9583-6A38F225D00B}.Release|Any CPU.ActiveCfg = Release|Any CPU
		{19C20953-D550-45A0-9583-6A38F225D00B}.Release|Any CPU.Build.0 = Release|Any CPU
	EndGlobalSection
	GlobalSection(SolutionProperties) = preSolution
		HideSolutionNode = FALSE
	EndGlobalSection
	GlobalSection(ExtensibilityGlobals) = postSolution
		SolutionGuid = {3BC87054-972A-496B-8D04-1665007426D5}
	EndGlobalSection
EndGlobal
