
Microsoft Visual Studio Solution File, Format Version 12.00
# Visual Studio Version 17
VisualStudioVersion = 17.0.32112.339
MinimumVisualStudioVersion = 10.0.40219.1
Project("{FAE04EC0-301F-11D3-BF4B-00C04F79EFBC}") = "Day9Project3", "Day9Project3\Day9Project3.csproj", "{F99E94C1-6F7E-418F-A449-CED8527E34A0}"
EndProject
Global
	GlobalSection(SolutionConfigurationPlatforms) = preSolution
		Debug|Any CPU = Debug|Any CPU
		Release|Any CPU = Release|Any CPU
	EndGlobalSection
	GlobalSection(ProjectConfigurationPlatforms) = postSolution
		{F99E94C1-6F7E-418F-A449-CED8527E34A0}.Debug|Any CPU.ActiveCfg = Debug|Any CPU
		{F99E94C1-6F7E-418F-A449-CED8527E34A0}.Debug|Any CPU.Build.0 = Debug|Any CPU
		{F99E94C1-6F7E-418F-A449-CED8527E34A0}.Release|Any CPU.ActiveCfg = Release|Any CPU
		{F99E94C1-6F7E-418F-A449-CED8527E34A0}.Release|Any CPU.Build.0 = Release|Any CPU
	EndGlobalSection
	GlobalSection(SolutionProperties) = preSolution
		HideSolutionNode = FALSE
	EndGlobalSection
	GlobalSection(ExtensibilityGlobals) = postSolution
		SolutionGuid = {FF219249-E383-4A2C-909C-F44E1188D692}
	EndGlobalSection
EndGlobal
