
Microsoft Visual Studio Solution File, Format Version 12.00
# Visual Studio Version 17
VisualStudioVersion = 17.0.32112.339
MinimumVisualStudioVersion = 10.0.40219.1
Project("{FAE04EC0-301F-11D3-BF4B-00C04F79EFBC}") = "Day10Multilevelinheritance", "Day10Multilevelinheritance\Day10Multilevelinheritance.csproj", "{C32DE9E2-75C3-4443-877C-049E141E9870}"
EndProject
Global
	GlobalSection(SolutionConfigurationPlatforms) = preSolution
		Debug|Any CPU = Debug|Any CPU
		Release|Any CPU = Release|Any CPU
	EndGlobalSection
	GlobalSection(ProjectConfigurationPlatforms) = postSolution
		{C32DE9E2-75C3-4443-877C-049E141E9870}.Debug|Any CPU.ActiveCfg = Debug|Any CPU
		{C32DE9E2-75C3-4443-877C-049E141E9870}.Debug|Any CPU.Build.0 = Debug|Any CPU
		{C32DE9E2-75C3-4443-877C-049E141E9870}.Release|Any CPU.ActiveCfg = Release|Any CPU
		{C32DE9E2-75C3-4443-877C-049E141E9870}.Release|Any CPU.Build.0 = Release|Any CPU
	EndGlobalSection
	GlobalSection(SolutionProperties) = preSolution
		HideSolutionNode = FALSE
	EndGlobalSection
	GlobalSection(ExtensibilityGlobals) = postSolution
		SolutionGuid = {04E1FC91-777B-48A0-8E59-CB29985D9F25}
	EndGlobalSection
EndGlobal
