
Microsoft Visual Studio Solution File, Format Version 12.00
# Visual Studio Version 17
VisualStudioVersion = 17.0.32112.339
MinimumVisualStudioVersion = 10.0.40219.1
Project("{FAE04EC0-301F-11D3-BF4B-00C04F79EFBC}") = "Day14project2", "Day14project2\Day14project2.csproj", "{2097177F-14DA-4160-968C-BC40A47D06FD}"
EndProject
Global
	GlobalSection(SolutionConfigurationPlatforms) = preSolution
		Debug|Any CPU = Debug|Any CPU
		Release|Any CPU = Release|Any CPU
	EndGlobalSection
	GlobalSection(ProjectConfigurationPlatforms) = postSolution
		{2097177F-14DA-4160-968C-BC40A47D06FD}.Debug|Any CPU.ActiveCfg = Debug|Any CPU
		{2097177F-14DA-4160-968C-BC40A47D06FD}.Debug|Any CPU.Build.0 = Debug|Any CPU
		{2097177F-14DA-4160-968C-BC40A47D06FD}.Release|Any CPU.ActiveCfg = Release|Any CPU
		{2097177F-14DA-4160-968C-BC40A47D06FD}.Release|Any CPU.Build.0 = Release|Any CPU
	EndGlobalSection
	GlobalSection(SolutionProperties) = preSolution
		HideSolutionNode = FALSE
	EndGlobalSection
	GlobalSection(ExtensibilityGlobals) = postSolution
		SolutionGuid = {74C5CC51-51AD-4351-98A0-57713820F430}
	EndGlobalSection
EndGlobal
