
Microsoft Visual Studio Solution File, Format Version 12.00
# Visual Studio Version 17
VisualStudioVersion = 17.0.32112.339
MinimumVisualStudioVersion = 10.0.40219.1
Project("{FAE04EC0-301F-11D3-BF4B-00C04F79EFBC}") = "Day7Project6", "Day7Project6\Day7Project6.csproj", "{80BC58CD-C071-4E05-872C-46F75C16C008}"
EndProject
Global
	GlobalSection(SolutionConfigurationPlatforms) = preSolution
		Debug|Any CPU = Debug|Any CPU
		Release|Any CPU = Release|Any CPU
	EndGlobalSection
	GlobalSection(ProjectConfigurationPlatforms) = postSolution
		{80BC58CD-C071-4E05-872C-46F75C16C008}.Debug|Any CPU.ActiveCfg = Debug|Any CPU
		{80BC58CD-C071-4E05-872C-46F75C16C008}.Debug|Any CPU.Build.0 = Debug|Any CPU
		{80BC58CD-C071-4E05-872C-46F75C16C008}.Release|Any CPU.ActiveCfg = Release|Any CPU
		{80BC58CD-C071-4E05-872C-46F75C16C008}.Release|Any CPU.Build.0 = Release|Any CPU
	EndGlobalSection
	GlobalSection(SolutionProperties) = preSolution
		HideSolutionNode = FALSE
	EndGlobalSection
	GlobalSection(ExtensibilityGlobals) = postSolution
		SolutionGuid = {9CF112E6-7D88-47B6-8F85-DF6BBF977369}
	EndGlobalSection
EndGlobal
