
Microsoft Visual Studio Solution File, Format Version 12.00
# Visual Studio Version 17
VisualStudioVersion = 17.0.32112.339
MinimumVisualStudioVersion = 10.0.40219.1
Project("{FAE04EC0-301F-11D3-BF4B-00C04F79EFBC}") = "Project4Day1", "Project4Day1\Project4Day1.csproj", "{9C7AB04C-2602-4A85-98BE-6D41906FB5F8}"
EndProject
Global
	GlobalSection(SolutionConfigurationPlatforms) = preSolution
		Debug|Any CPU = Debug|Any CPU
		Release|Any CPU = Release|Any CPU
	EndGlobalSection
	GlobalSection(ProjectConfigurationPlatforms) = postSolution
		{9C7AB04C-2602-4A85-98BE-6D41906FB5F8}.Debug|Any CPU.ActiveCfg = Debug|Any CPU
		{9C7AB04C-2602-4A85-98BE-6D41906FB5F8}.Debug|Any CPU.Build.0 = Debug|Any CPU
		{9C7AB04C-2602-4A85-98BE-6D41906FB5F8}.Release|Any CPU.ActiveCfg = Release|Any CPU
		{9C7AB04C-2602-4A85-98BE-6D41906FB5F8}.Release|Any CPU.Build.0 = Release|Any CPU
	EndGlobalSection
	GlobalSection(SolutionProperties) = preSolution
		HideSolutionNode = FALSE
	EndGlobalSection
	GlobalSection(ExtensibilityGlobals) = postSolution
		SolutionGuid = {67118AA7-2CF9-4AC4-83D5-94B50C4F69EE}
	EndGlobalSection
EndGlobal
